
Microsoft Visual Studio Solution File, Format Version 12.00
# Visual Studio Version 17
VisualStudioVersion = 17.14.36429.23 d17.14
MinimumVisualStudioVersion = 10.0.40219.1
Project("{FAE04EC0-301F-11D3-BF4B-00C04F79EFBC}") = "AddTwoNumbers", "AddTwoNumbers\AddTwoNumbers.csproj", "{2248905F-6345-4C4B-989A-3E5BAA0C4689}"
EndProject
Global
	GlobalSection(SolutionConfigurationPlatforms) = preSolution
		Debug|Any CPU = Debug|Any CPU
		Release|Any CPU = Release|Any CPU
	EndGlobalSection
	GlobalSection(ProjectConfigurationPlatforms) = postSolution
		{2248905F-6345-4C4B-989A-3E5BAA0C4689}.Debug|Any CPU.ActiveCfg = Debug|Any CPU
		{2248905F-6345-4C4B-989A-3E5BAA0C4689}.Debug|Any CPU.Build.0 = Debug|Any CPU
		{2248905F-6345-4C4B-989A-3E5BAA0C4689}.Release|Any CPU.ActiveCfg = Release|Any CPU
		{2248905F-6345-4C4B-989A-3E5BAA0C4689}.Release|Any CPU.Build.0 = Release|Any CPU
	EndGlobalSection
	GlobalSection(SolutionProperties) = preSolution
		HideSolutionNode = FALSE
	EndGlobalSection
	GlobalSection(ExtensibilityGlobals) = postSolution
		SolutionGuid = {D3C3A575-DEE9-4233-8AE3-4ACE152F70F4}
	EndGlobalSection
EndGlobal
