
Microsoft Visual Studio Solution File, Format Version 12.00
# Visual Studio Version 17
VisualStudioVersion = 17.14.36429.23 d17.14
MinimumVisualStudioVersion = 10.0.40219.1
Project("{FAE04EC0-301F-11D3-BF4B-00C04F79EFBC}") = "Simple Address Book", "Simple Address Book\Simple Address Book.csproj", "{ECA6AD97-DC8E-4019-8225-1360F728F4AF}"
EndProject
Global
	GlobalSection(SolutionConfigurationPlatforms) = preSolution
		Debug|Any CPU = Debug|Any CPU
		Release|Any CPU = Release|Any CPU
	EndGlobalSection
	GlobalSection(ProjectConfigurationPlatforms) = postSolution
		{ECA6AD97-DC8E-4019-8225-1360F728F4AF}.Debug|Any CPU.ActiveCfg = Debug|Any CPU
		{ECA6AD97-DC8E-4019-8225-1360F728F4AF}.Debug|Any CPU.Build.0 = Debug|Any CPU
		{ECA6AD97-DC8E-4019-8225-1360F728F4AF}.Release|Any CPU.ActiveCfg = Release|Any CPU
		{ECA6AD97-DC8E-4019-8225-1360F728F4AF}.Release|Any CPU.Build.0 = Release|Any CPU
	EndGlobalSection
	GlobalSection(SolutionProperties) = preSolution
		HideSolutionNode = FALSE
	EndGlobalSection
	GlobalSection(ExtensibilityGlobals) = postSolution
		SolutionGuid = {828DA907-0643-431E-BD30-CE31468DAA18}
	EndGlobalSection
EndGlobal
