
Microsoft Visual Studio Solution File, Format Version 12.00
# Visual Studio Version 17
VisualStudioVersion = 17.14.36518.9 d17.14
MinimumVisualStudioVersion = 10.0.40219.1
Project("{FAE04EC0-301F-11D3-BF4B-00C04F79EFBC}") = "RemoveNTHNodeFromEndoflist", "RemoveNTHNodeFromEndoflist\RemoveNTHNodeFromEndoflist.csproj", "{7A2F63AD-DFF5-4C8C-99CD-51A04E895869}"
EndProject
Global
	GlobalSection(SolutionConfigurationPlatforms) = preSolution
		Debug|Any CPU = Debug|Any CPU
		Release|Any CPU = Release|Any CPU
	EndGlobalSection
	GlobalSection(ProjectConfigurationPlatforms) = postSolution
		{7A2F63AD-DFF5-4C8C-99CD-51A04E895869}.Debug|Any CPU.ActiveCfg = Debug|Any CPU
		{7A2F63AD-DFF5-4C8C-99CD-51A04E895869}.Debug|Any CPU.Build.0 = Debug|Any CPU
		{7A2F63AD-DFF5-4C8C-99CD-51A04E895869}.Release|Any CPU.ActiveCfg = Release|Any CPU
		{7A2F63AD-DFF5-4C8C-99CD-51A04E895869}.Release|Any CPU.Build.0 = Release|Any CPU
	EndGlobalSection
	GlobalSection(SolutionProperties) = preSolution
		HideSolutionNode = FALSE
	EndGlobalSection
	GlobalSection(ExtensibilityGlobals) = postSolution
		SolutionGuid = {082BF7D9-3F1C-4705-881D-82E95E0D6140}
	EndGlobalSection
EndGlobal
