
Microsoft Visual Studio Solution File, Format Version 12.00
# Visual Studio Version 17
VisualStudioVersion = 17.14.36518.9 d17.14
MinimumVisualStudioVersion = 10.0.40219.1
Project("{FAE04EC0-301F-11D3-BF4B-00C04F79EFBC}") = "LongSubstring", "LongSybstring\LongSubstring.csproj", "{39672E09-02A3-45B7-9631-BAAF4FD1BCCD}"
EndProject
Global
	GlobalSection(SolutionConfigurationPlatforms) = preSolution
		Debug|Any CPU = Debug|Any CPU
		Release|Any CPU = Release|Any CPU
	EndGlobalSection
	GlobalSection(ProjectConfigurationPlatforms) = postSolution
		{39672E09-02A3-45B7-9631-BAAF4FD1BCCD}.Debug|Any CPU.ActiveCfg = Debug|Any CPU
		{39672E09-02A3-45B7-9631-BAAF4FD1BCCD}.Debug|Any CPU.Build.0 = Debug|Any CPU
		{39672E09-02A3-45B7-9631-BAAF4FD1BCCD}.Release|Any CPU.ActiveCfg = Release|Any CPU
		{39672E09-02A3-45B7-9631-BAAF4FD1BCCD}.Release|Any CPU.Build.0 = Release|Any CPU
	EndGlobalSection
	GlobalSection(SolutionProperties) = preSolution
		HideSolutionNode = FALSE
	EndGlobalSection
	GlobalSection(ExtensibilityGlobals) = postSolution
		SolutionGuid = {07802095-D781-486A-B50B-21E86F5CEE39}
	EndGlobalSection
EndGlobal
