
Microsoft Visual Studio Solution File, Format Version 12.00
# Visual Studio Version 17
VisualStudioVersion = 17.14.36414.22 d17.14
MinimumVisualStudioVersion = 10.0.40219.1
Project("{FAE04EC0-301F-11D3-BF4B-00C04F79EFBC}") = "Day03_oop", "Day03_oop\Day03_oop.csproj", "{DB241334-2919-4852-B52B-C4CA0F6F65D8}"
EndProject
Global
	GlobalSection(SolutionConfigurationPlatforms) = preSolution
		Debug|Any CPU = Debug|Any CPU
		Release|Any CPU = Release|Any CPU
	EndGlobalSection
	GlobalSection(ProjectConfigurationPlatforms) = postSolution
		{DB241334-2919-4852-B52B-C4CA0F6F65D8}.Debug|Any CPU.ActiveCfg = Debug|Any CPU
		{DB241334-2919-4852-B52B-C4CA0F6F65D8}.Debug|Any CPU.Build.0 = Debug|Any CPU
		{DB241334-2919-4852-B52B-C4CA0F6F65D8}.Release|Any CPU.ActiveCfg = Release|Any CPU
		{DB241334-2919-4852-B52B-C4CA0F6F65D8}.Release|Any CPU.Build.0 = Release|Any CPU
	EndGlobalSection
	GlobalSection(SolutionProperties) = preSolution
		HideSolutionNode = FALSE
	EndGlobalSection
	GlobalSection(ExtensibilityGlobals) = postSolution
		SolutionGuid = {E845EE0F-DABF-43DB-857A-B24902C9B3F4}
	EndGlobalSection
EndGlobal
