
Microsoft Visual Studio Solution File, Format Version 12.00
# Visual Studio Version 17
VisualStudioVersion = 17.14.36429.23 d17.14
MinimumVisualStudioVersion = 10.0.40219.1
Project("{FAE04EC0-301F-11D3-BF4B-00C04F79EFBC}") = "ValidParentheses", "ValidParentheses\ValidParentheses.csproj", "{2C142517-9D4E-4F4F-8468-EF691399D00F}"
EndProject
Global
	GlobalSection(SolutionConfigurationPlatforms) = preSolution
		Debug|Any CPU = Debug|Any CPU
		Release|Any CPU = Release|Any CPU
	EndGlobalSection
	GlobalSection(ProjectConfigurationPlatforms) = postSolution
		{2C142517-9D4E-4F4F-8468-EF691399D00F}.Debug|Any CPU.ActiveCfg = Debug|Any CPU
		{2C142517-9D4E-4F4F-8468-EF691399D00F}.Debug|Any CPU.Build.0 = Debug|Any CPU
		{2C142517-9D4E-4F4F-8468-EF691399D00F}.Release|Any CPU.ActiveCfg = Release|Any CPU
		{2C142517-9D4E-4F4F-8468-EF691399D00F}.Release|Any CPU.Build.0 = Release|Any CPU
	EndGlobalSection
	GlobalSection(SolutionProperties) = preSolution
		HideSolutionNode = FALSE
	EndGlobalSection
	GlobalSection(ExtensibilityGlobals) = postSolution
		SolutionGuid = {CBBF5F0E-D579-4F77-9E05-CAF049FEBC3F}
	EndGlobalSection
EndGlobal
