
Microsoft Visual Studio Solution File, Format Version 12.00
# Visual Studio Version 17
VisualStudioVersion = 17.14.36414.22 d17.14
MinimumVisualStudioVersion = 10.0.40219.1
Project("{FAE04EC0-301F-11D3-BF4B-00C04F79EFBC}") = "Day04", "Day04\Day04.csproj", "{0EFC2248-1939-4437-8FE4-B2DC37B8B302}"
EndProject
Global
	GlobalSection(SolutionConfigurationPlatforms) = preSolution
		Debug|Any CPU = Debug|Any CPU
		Release|Any CPU = Release|Any CPU
	EndGlobalSection
	GlobalSection(ProjectConfigurationPlatforms) = postSolution
		{0EFC2248-1939-4437-8FE4-B2DC37B8B302}.Debug|Any CPU.ActiveCfg = Debug|Any CPU
		{0EFC2248-1939-4437-8FE4-B2DC37B8B302}.Debug|Any CPU.Build.0 = Debug|Any CPU
		{0EFC2248-1939-4437-8FE4-B2DC37B8B302}.Release|Any CPU.ActiveCfg = Release|Any CPU
		{0EFC2248-1939-4437-8FE4-B2DC37B8B302}.Release|Any CPU.Build.0 = Release|Any CPU
	EndGlobalSection
	GlobalSection(SolutionProperties) = preSolution
		HideSolutionNode = FALSE
	EndGlobalSection
	GlobalSection(ExtensibilityGlobals) = postSolution
		SolutionGuid = {E74FCDDE-067F-49E8-8923-8E0C618F0ADA}
	EndGlobalSection
EndGlobal
