
Microsoft Visual Studio Solution File, Format Version 12.00
# Visual Studio Version 17
VisualStudioVersion = 17.14.36518.9 d17.14
MinimumVisualStudioVersion = 10.0.40219.1
Project("{FAE04EC0-301F-11D3-BF4B-00C04F79EFBC}") = "integertoRomain", "integertoRomain\integertoRomain.csproj", "{E906D5DF-62FF-4BF6-BAAD-3BA8E2559D83}"
EndProject
Global
	GlobalSection(SolutionConfigurationPlatforms) = preSolution
		Debug|Any CPU = Debug|Any CPU
		Release|Any CPU = Release|Any CPU
	EndGlobalSection
	GlobalSection(ProjectConfigurationPlatforms) = postSolution
		{E906D5DF-62FF-4BF6-BAAD-3BA8E2559D83}.Debug|Any CPU.ActiveCfg = Debug|Any CPU
		{E906D5DF-62FF-4BF6-BAAD-3BA8E2559D83}.Debug|Any CPU.Build.0 = Debug|Any CPU
		{E906D5DF-62FF-4BF6-BAAD-3BA8E2559D83}.Release|Any CPU.ActiveCfg = Release|Any CPU
		{E906D5DF-62FF-4BF6-BAAD-3BA8E2559D83}.Release|Any CPU.Build.0 = Release|Any CPU
	EndGlobalSection
	GlobalSection(SolutionProperties) = preSolution
		HideSolutionNode = FALSE
	EndGlobalSection
	GlobalSection(ExtensibilityGlobals) = postSolution
		SolutionGuid = {6F79A39C-42B4-41C3-8FD1-4426F2C11D04}
	EndGlobalSection
EndGlobal
